
Microsoft Visual Studio Solution File, Format Version 12.00
# Visual Studio Version 17
VisualStudioVersion = 17.11.35431.28
MinimumVisualStudioVersion = 10.0.40219.1
Project("{FAE04EC0-301F-11D3-BF4B-00C04F79EFBC}") = "AdditionalMaterialWpfApp", "AdditionalMaterialWpfApp\AdditionalMaterialWpfApp.csproj", "{E6DC326F-EECE-4B4C-8EF7-8B4DA5BA9490}"
EndProject
Project("{FAE04EC0-301F-11D3-BF4B-00C04F79EFBC}") = "AdditionalMateriaClassLibrary", "AdditionalMateriaClassLibrary\AdditionalMateriaClassLibrary.csproj", "{B74983F7-20AD-43F1-9E7E-02288AB6F657}"
EndProject
Global
	GlobalSection(SolutionConfigurationPlatforms) = preSolution
		Debug|Any CPU = Debug|Any CPU
		Release|Any CPU = Release|Any CPU
	EndGlobalSection
	GlobalSection(ProjectConfigurationPlatforms) = postSolution
		{E6DC326F-EECE-4B4C-8EF7-8B4DA5BA9490}.Debug|Any CPU.ActiveCfg = Debug|Any CPU
		{E6DC326F-EECE-4B4C-8EF7-8B4DA5BA9490}.Debug|Any CPU.Build.0 = Debug|Any CPU
		{E6DC326F-EECE-4B4C-8EF7-8B4DA5BA9490}.Release|Any CPU.ActiveCfg = Release|Any CPU
		{E6DC326F-EECE-4B4C-8EF7-8B4DA5BA9490}.Release|Any CPU.Build.0 = Release|Any CPU
		{B74983F7-20AD-43F1-9E7E-02288AB6F657}.Debug|Any CPU.ActiveCfg = Debug|Any CPU
		{B74983F7-20AD-43F1-9E7E-02288AB6F657}.Debug|Any CPU.Build.0 = Debug|Any CPU
		{B74983F7-20AD-43F1-9E7E-02288AB6F657}.Release|Any CPU.ActiveCfg = Release|Any CPU
		{B74983F7-20AD-43F1-9E7E-02288AB6F657}.Release|Any CPU.Build.0 = Release|Any CPU
	EndGlobalSection
	GlobalSection(SolutionProperties) = preSolution
		HideSolutionNode = FALSE
	EndGlobalSection
	GlobalSection(ExtensibilityGlobals) = postSolution
		SolutionGuid = {AE7C3075-C7F1-4B16-83A8-0250FE3D803E}
	EndGlobalSection
EndGlobal
